
Microsoft Visual Studio Solution File, Format Version 12.00
# Visual Studio Version 17
VisualStudioVersion = 17.4.33110.190
MinimumVisualStudioVersion = 10.0.40219.1
Project("{FAE04EC0-301F-11D3-BF4B-00C04F79EFBC}") = "slon", "slon\slon.csproj", "{D98D7A99-6630-4EAD-8DC8-6DCBFA7BAED4}"
EndProject
Global
	GlobalSection(SolutionConfigurationPlatforms) = preSolution
		Debug|Any CPU = Debug|Any CPU
		Release|Any CPU = Release|Any CPU
	EndGlobalSection
	GlobalSection(ProjectConfigurationPlatforms) = postSolution
		{D98D7A99-6630-4EAD-8DC8-6DCBFA7BAED4}.Debug|Any CPU.ActiveCfg = Debug|Any CPU
		{D98D7A99-6630-4EAD-8DC8-6DCBFA7BAED4}.Debug|Any CPU.Build.0 = Debug|Any CPU
		{D98D7A99-6630-4EAD-8DC8-6DCBFA7BAED4}.Release|Any CPU.ActiveCfg = Release|Any CPU
		{D98D7A99-6630-4EAD-8DC8-6DCBFA7BAED4}.Release|Any CPU.Build.0 = Release|Any CPU
	EndGlobalSection
	GlobalSection(SolutionProperties) = preSolution
		HideSolutionNode = FALSE
	EndGlobalSection
	GlobalSection(ExtensibilityGlobals) = postSolution
		SolutionGuid = {7F84826D-FD1C-4259-B56D-F7ACBAF39342}
	EndGlobalSection
EndGlobal
